{
  "name": "picspotr-portals",
  "version": "1.0.0",
  "lockfileVersion": 1,
  "requires": true,
  "dependencies": {
    "jquery": {
      "version": "3.5.1",
      "resolved": "https://registry.npmjs.org/jquery/-/jquery-3.5.1.tgz",
      "integrity": "sha512-XwIBPqcMn57FxfT+Go5pzySnm4KWkT1Tv7gjrpT1srtf8Weynl6R273VJ5GjkRb51IzMp5nbaPjJXMWeju2MKg=="
    },
    "moment": {
      "version": "2.29.4",
      "resolved": "https://registry.npmjs.org/moment/-/moment-2.29.4.tgz",
      "integrity": "sha512-5LC9SOxjSc2HF6vO2CyuTDNivEdoz2IvyJJGj6X8DJ0eFyfszE0QiEd+iXmBvUP3WHxSjFH/vIsA0EN00cgr8w=="
    },
    "pg-calendar": {
      "version": "1.4.31",
      "resolved": "https://registry.npmjs.org/pg-calendar/-/pg-calendar-1.4.31.tgz",
      "integrity": "sha512-QAo5C8qSycr97QjrO5HPH/bHRvoON6dS95zAroA7vNrsCrNB7k7qg3Got0Ve5SZijBYL20wg2j931cdi2FbWRg==",
      "requires": {
        "jquery": "^3.4.1",
        "moment": "^2.24.0"
      }
    }
  }
}
